
Microsoft Visual Studio Solution File, Format Version 12.00
# Visual Studio Version 17
VisualStudioVersion = 17.9.34616.47
MinimumVisualStudioVersion = 10.0.40219.1
Project("{FAE04EC0-301F-11D3-BF4B-00C04F79EFBC}") = "szamgep", "szamgep\szamgep.csproj", "{D788CA52-54F9-4B5C-938A-60FC3C0770D1}"
EndProject
Global
	GlobalSection(SolutionConfigurationPlatforms) = preSolution
		Debug|Any CPU = Debug|Any CPU
		Release|Any CPU = Release|Any CPU
	EndGlobalSection
	GlobalSection(ProjectConfigurationPlatforms) = postSolution
		{D788CA52-54F9-4B5C-938A-60FC3C0770D1}.Debug|Any CPU.ActiveCfg = Debug|Any CPU
		{D788CA52-54F9-4B5C-938A-60FC3C0770D1}.Debug|Any CPU.Build.0 = Debug|Any CPU
		{D788CA52-54F9-4B5C-938A-60FC3C0770D1}.Release|Any CPU.ActiveCfg = Release|Any CPU
		{D788CA52-54F9-4B5C-938A-60FC3C0770D1}.Release|Any CPU.Build.0 = Release|Any CPU
	EndGlobalSection
	GlobalSection(SolutionProperties) = preSolution
		HideSolutionNode = FALSE
	EndGlobalSection
	GlobalSection(ExtensibilityGlobals) = postSolution
		SolutionGuid = {40AE87A6-0118-433A-8941-93969F4721FB}
	EndGlobalSection
EndGlobal
